
Microsoft Visual Studio Solution File, Format Version 12.00
# Visual Studio 14
VisualStudioVersion = 14.0.22310.1
MinimumVisualStudioVersion = 10.0.40219.1
Project("{2150E333-8FDC-42A3-9474-1A3956D46DE8}") = "Engine", "Engine", "{9C664DAD-97D3-4FF7-9C50-A866E9E49F89}"
EndProject
Project("{2150E333-8FDC-42A3-9474-1A3956D46DE8}") = "Games", "Games", "{22E0C0B5-52E9-4DB1-94FF-98D6559DD63F}"
EndProject
Project("{8BC9CEB8-8B4A-11D0-8D11-00A0C91BC942}") = "UE4", "Intermediate\ProjectFiles\UE4.vcxproj", "{B51DCBBD-08ED-43FB-8013-4043DC5BACB3}"
EndProject
Project("{8BC9CEB8-8B4A-11D0-8D11-00A0C91BC942}") = "UE4MMD", "Intermediate\ProjectFiles\UE4MMD.vcxproj", "{CB55E883-72D7-4A1D-B4BF-4570D3E0F1B8}"
EndProject
Global
	GlobalSection(SolutionConfigurationPlatforms) = preSolution
		DebugGame Editor|HTML5 = DebugGame Editor|HTML5
		DebugGame Editor|Win32 = DebugGame Editor|Win32
		DebugGame Editor|Win64 = DebugGame Editor|Win64
		DebugGame|HTML5 = DebugGame|HTML5
		DebugGame|Win32 = DebugGame|Win32
		DebugGame|Win64 = DebugGame|Win64
		Development Editor|HTML5 = Development Editor|HTML5
		Development Editor|Win32 = Development Editor|Win32
		Development Editor|Win64 = Development Editor|Win64
		Development|HTML5 = Development|HTML5
		Development|Win32 = Development|Win32
		Development|Win64 = Development|Win64
		Shipping|HTML5 = Shipping|HTML5
		Shipping|Win32 = Shipping|Win32
		Shipping|Win64 = Shipping|Win64
	EndGlobalSection
	GlobalSection(ProjectConfigurationPlatforms) = postSolution
		{CB55E883-72D7-4A1D-B4BF-4570D3E0F1B8}.DebugGame Editor|HTML5.ActiveCfg = HTML5_DebugGame_Editor|Win32
		{CB55E883-72D7-4A1D-B4BF-4570D3E0F1B8}.DebugGame Editor|Win32.ActiveCfg = DebugGame_Editor|Win32
		{CB55E883-72D7-4A1D-B4BF-4570D3E0F1B8}.DebugGame Editor|Win64.ActiveCfg = DebugGame_Editor|x64
		{CB55E883-72D7-4A1D-B4BF-4570D3E0F1B8}.DebugGame Editor|Win64.Build.0 = DebugGame_Editor|x64
		{CB55E883-72D7-4A1D-B4BF-4570D3E0F1B8}.DebugGame|HTML5.ActiveCfg = HTML5_DebugGame_Game|Win32
		{CB55E883-72D7-4A1D-B4BF-4570D3E0F1B8}.DebugGame|HTML5.Build.0 = HTML5_DebugGame_Game|Win32
		{CB55E883-72D7-4A1D-B4BF-4570D3E0F1B8}.DebugGame|Win32.ActiveCfg = DebugGame_Game|Win32
		{CB55E883-72D7-4A1D-B4BF-4570D3E0F1B8}.DebugGame|Win32.Build.0 = DebugGame_Game|Win32
		{CB55E883-72D7-4A1D-B4BF-4570D3E0F1B8}.DebugGame|Win64.ActiveCfg = DebugGame_Game|x64
		{CB55E883-72D7-4A1D-B4BF-4570D3E0F1B8}.DebugGame|Win64.Build.0 = DebugGame_Game|x64
		{CB55E883-72D7-4A1D-B4BF-4570D3E0F1B8}.Development Editor|HTML5.ActiveCfg = HTML5_Development_Editor|Win32
		{CB55E883-72D7-4A1D-B4BF-4570D3E0F1B8}.Development Editor|Win32.ActiveCfg = Development_Editor|Win32
		{CB55E883-72D7-4A1D-B4BF-4570D3E0F1B8}.Development Editor|Win64.ActiveCfg = Development_Editor|x64
		{CB55E883-72D7-4A1D-B4BF-4570D3E0F1B8}.Development Editor|Win64.Build.0 = Development_Editor|x64
		{CB55E883-72D7-4A1D-B4BF-4570D3E0F1B8}.Development|HTML5.ActiveCfg = HTML5_Development_Game|Win32
		{CB55E883-72D7-4A1D-B4BF-4570D3E0F1B8}.Development|HTML5.Build.0 = HTML5_Development_Game|Win32
		{CB55E883-72D7-4A1D-B4BF-4570D3E0F1B8}.Development|Win32.ActiveCfg = Development_Game|Win32
		{CB55E883-72D7-4A1D-B4BF-4570D3E0F1B8}.Development|Win32.Build.0 = Development_Game|Win32
		{CB55E883-72D7-4A1D-B4BF-4570D3E0F1B8}.Development|Win64.ActiveCfg = Development_Game|x64
		{CB55E883-72D7-4A1D-B4BF-4570D3E0F1B8}.Development|Win64.Build.0 = Development_Game|x64
		{CB55E883-72D7-4A1D-B4BF-4570D3E0F1B8}.Shipping|HTML5.ActiveCfg = HTML5_Shipping_Game|Win32
		{CB55E883-72D7-4A1D-B4BF-4570D3E0F1B8}.Shipping|HTML5.Build.0 = HTML5_Shipping_Game|Win32
		{CB55E883-72D7-4A1D-B4BF-4570D3E0F1B8}.Shipping|Win32.ActiveCfg = Shipping_Game|Win32
		{CB55E883-72D7-4A1D-B4BF-4570D3E0F1B8}.Shipping|Win32.Build.0 = Shipping_Game|Win32
		{CB55E883-72D7-4A1D-B4BF-4570D3E0F1B8}.Shipping|Win64.ActiveCfg = Shipping_Game|x64
		{CB55E883-72D7-4A1D-B4BF-4570D3E0F1B8}.Shipping|Win64.Build.0 = Shipping_Game|x64
	EndGlobalSection
	GlobalSection(SolutionProperties) = preSolution
		HideSolutionNode = FALSE
	EndGlobalSection
	GlobalSection(NestedProjects) = preSolution
		{B51DCBBD-08ED-43FB-8013-4043DC5BACB3} = {9C664DAD-97D3-4FF7-9C50-A866E9E49F89}
		{CB55E883-72D7-4A1D-B4BF-4570D3E0F1B8} = {22E0C0B5-52E9-4DB1-94FF-98D6559DD63F}
	EndGlobalSection
EndGlobal
